adduser	3.118ubuntu2
adwaita-icon-theme	3.36.1-2ubuntu0.20.04.2
alien	8.95
alsa-topology-conf	1.2.2-1
alsa-ucm-conf	1.2.2-1ubuntu0.13
apache2	2.4.41-4ubuntu3.23
apache2-bin	2.4.41-4ubuntu3.23
apache2-data	2.4.41-4ubuntu3.23
apache2-utils	2.4.41-4ubuntu3.23
apt	2.0.10
at	3.1.23-1ubuntu1
at-spi2-core	2.36.0-2
autoconf	2.69-11.1
automake	1:1.16.1-4ubuntu6
autopoint	0.19.8.1-10build1
autotools-dev	20180224.1
base-files	11ubuntu5.8
base-passwd	3.5.47
bash	5.0-6ubuntu1.2
bc	1.07.1-2build1
binfmt-support	2.2.0-2
binutils	2.34-6ubuntu1.11
binutils-common:amd64	2.34-6ubuntu1.11
binutils-x86-64-linux-gnu	2.34-6ubuntu1.11
bison	2:3.5.1+dfsg-1
bsdmainutils	11.1.2ubuntu3
bsdutils	1:2.34-0.1ubuntu9.6
build-essential	12.8ubuntu1.1
bzip2	1.0.8-2
ca-certificates	20240203~20.04.1
cloc	1.82-1
coreutils	8.30-3ubuntu2
cpio	2.13+dfsg-2ubuntu0.4
cpp	4:9.3.0-1ubuntu2
cpp-9	9.4.0-1ubuntu1~20.04.2
cron	3.0pl1-136ubuntu1
cups-bsd	2.3.1-9ubuntu1.9
cups-client	2.3.1-9ubuntu1.9
cups-common	2.3.1-9ubuntu1.9
dash	0.5.10.2-6
dbus	1.12.16-2ubuntu2.3
dbus-user-session	1.12.16-2ubuntu2.3
dconf-gsettings-backend:amd64	0.36.0-1
dconf-service	0.36.0-1
debconf	1.5.73
debhelper	12.10ubuntu1
debianutils	4.9.1
debugedit	4.14.2.1+dfsg1-1build2
dh-autoreconf	19
dh-strip-nondeterminism	1.7.0-1
diffutils	1:3.7-3
dirmngr	2.2.19-3ubuntu2.5
distro-info-data	0.43ubuntu1.19
dmsetup	2:1.02.167-1ubuntu1
dpkg	1.19.7ubuntu3.2
dpkg-dev	1.19.7ubuntu3.2
dwz	0.13-5
e2fsprogs	1.45.5-2ubuntu1.2
ed	1.16-1
fakeroot	1.24-1
fdisk	2.34-0.1ubuntu9.6
file	1:5.38-4
findutils	4.7.0-1ubuntu1
flex	2.6.4-6.2
fontconfig	2.13.1-2ubuntu3
fontconfig-config	2.13.1-2ubuntu3
fonts-dejavu-core	2.37-1
g++	4:9.3.0-1ubuntu2
g++-9	9.4.0-1ubuntu1~20.04.2
gcc	4:9.3.0-1ubuntu2
gcc-10-base:amd64	10.5.0-1ubuntu1~20.04
gcc-9	9.4.0-1ubuntu1~20.04.2
gcc-9-base:amd64	9.4.0-1ubuntu1~20.04.2
gettext	0.19.8.1-10build1
gettext-base	0.19.8.1-10build1
gir1.2-atk-1.0:amd64	2.35.1-1ubuntu2
gir1.2-atspi-2.0:amd64	2.36.0-2
gir1.2-freedesktop:amd64	1.64.1-1~ubuntu20.04.1
gir1.2-gdkpixbuf-2.0:amd64	2.40.0+dfsg-3ubuntu0.5
gir1.2-glib-2.0:amd64	1.64.1-1~ubuntu20.04.1
gir1.2-gtk-3.0:amd64	3.24.20-0ubuntu1.2
gir1.2-harfbuzz-0.0:amd64	2.6.4-1ubuntu4.3
gir1.2-pango-1.0:amd64	1.44.7-2ubuntu4
git	1:2.25.1-1ubuntu3.14
git-man	1:2.25.1-1ubuntu3.14
glib-networking-common	2.64.2-1ubuntu0.1
glib-networking-services	2.64.2-1ubuntu0.1
glib-networking:amd64	2.64.2-1ubuntu0.1
gnupg	2.2.19-3ubuntu2.5
gnupg-l10n	2.2.19-3ubuntu2.5
gnupg-utils	2.2.19-3ubuntu2.5
gpg	2.2.19-3ubuntu2.5
gpg-agent	2.2.19-3ubuntu2.5
gpg-wks-client	2.2.19-3ubuntu2.5
gpg-wks-server	2.2.19-3ubuntu2.5
gpgconf	2.2.19-3ubuntu2.5
gpgsm	2.2.19-3ubuntu2.5
gpgv	2.2.19-3ubuntu2.5
grep	3.4-1
groff-base	1.22.4-4build1
gsettings-desktop-schemas	3.36.0-1ubuntu1
gtk-update-icon-cache	3.24.20-0ubuntu1.2
guile-2.2-libs:amd64	2.2.7+1-4
gzip	1.10-0ubuntu4.1
hicolor-icon-theme	0.17-2
hostname	3.23
humanity-icon-theme	0.6.15
icu-devtools	66.1-2ubuntu2.1
init-system-helpers	1.57
intltool-debian	0.35.0+20060710.5
krb5-locales	1.17-6ubuntu4.11
less	551-1ubuntu0.3
lib32gcc-s1	10.5.0-1ubuntu1~20.04
lib32stdc++6	10.5.0-1ubuntu1~20.04
libacl1:amd64	2.2.53-6
libalgorithm-diff-perl	1.19.03-2
libalgorithm-diff-xs-perl	0.04-6
libalgorithm-merge-perl	0.08-3
libamd2:amd64	1:5.7.1+dfsg-2
libapparmor1:amd64	2.13.3-7ubuntu5.4
libapr1:amd64	1.6.5-1ubuntu1.1
libaprutil1-dbd-sqlite3:amd64	1.6.1-4ubuntu2.2
libaprutil1-ldap:amd64	1.6.1-4ubuntu2.2
libaprutil1:amd64	1.6.1-4ubuntu2.2
libapt-pkg6.0:amd64	2.0.10
libarchive-cpio-perl	0.10-1
libarchive-zip-perl	1.67-2
libarchive13:amd64	3.4.0-2ubuntu1.5
libargon2-1:amd64	0~20171227-0.2
libasan5:amd64	9.4.0-1ubuntu1~20.04.2
libasn1-8-heimdal:amd64	7.7.0+dfsg-1ubuntu1.4
libasound2-data	1.2.2-2.1ubuntu2.5
libasound2:amd64	1.2.2-2.1ubuntu2.5
libassuan0:amd64	2.5.3-7ubuntu2
libatk-bridge2.0-0:amd64	2.34.2-0ubuntu2~20.04.1
libatk-bridge2.0-dev:amd64	2.34.2-0ubuntu2~20.04.1
libatk1.0-0:amd64	2.35.1-1ubuntu2
libatk1.0-data	2.35.1-1ubuntu2
libatk1.0-dev:amd64	2.35.1-1ubuntu2
libatomic1:amd64	10.5.0-1ubuntu1~20.04
libatspi2.0-0:amd64	2.36.0-2
libatspi2.0-dev:amd64	2.36.0-2
libattr1:amd64	1:2.4.48-5
libaudit-common	1:2.8.5-2ubuntu6
libaudit1:amd64	1:2.8.5-2ubuntu6
libauthen-sasl-perl	2.1600-1
libavahi-client3:amd64	0.7-4ubuntu7.3
libavahi-common-data:amd64	0.7-4ubuntu7.3
libavahi-common3:amd64	0.7-4ubuntu7.3
libb-hooks-op-check-perl	0.22-1build2
libbinutils:amd64	2.34-6ubuntu1.11
libblas-dev:amd64	3.9.0-1build1
libblas3:amd64	3.9.0-1build1
libblkid-dev:amd64	2.34-0.1ubuntu9.6
libblkid1:amd64	2.34-0.1ubuntu9.6
libbrotli1:amd64	1.0.7-6ubuntu0.1
libbsd0:amd64	0.10.0-1
libbtf1:amd64	1:5.7.1+dfsg-2
libbz2-1.0:amd64	1.0.8-2
libc-bin	2.31-0ubuntu9.17
libc-dev-bin	2.31-0ubuntu9.18
libc6-dev:amd64	2.31-0ubuntu9.18
libc6-i386	2.31-0ubuntu9.18
libc6:amd64	2.31-0ubuntu9.18
libcairo-gobject2:amd64	1.16.0-4ubuntu1
libcairo-script-interpreter2:amd64	1.16.0-4ubuntu1
libcairo2-dev:amd64	1.16.0-4ubuntu1
libcairo2:amd64	1.16.0-4ubuntu1
libcamd2:amd64	1:5.7.1+dfsg-2
libcanberra0:amd64	0.30-7ubuntu1
libcap-ng0:amd64	0.7.9-2.1build1
libcap2:amd64	1:2.32-1ubuntu0.2
libcbor0.6:amd64	0.6.0-0ubuntu1
libcc1-0:amd64	10.5.0-1ubuntu1~20.04
libccolamd2:amd64	1:5.7.1+dfsg-2
libcholmod3:amd64	1:5.7.1+dfsg-2
libclang-10-dev	1:10.0.0-4ubuntu1
libclang-common-10-dev	1:10.0.0-4ubuntu1
libclang-cpp10	1:10.0.0-4ubuntu1
libclang1-10	1:10.0.0-4ubuntu1
libclass-method-modifiers-perl	2.13-1
libclass-xsaccessor-perl	1.19-3build3
libcolamd2:amd64	1:5.7.1+dfsg-2
libcolord2:amd64	1.4.4-2
libcom-err2:amd64	1.45.5-2ubuntu1.2
libcroco3:amd64	0.6.13-1ubuntu0.1
libcrypt-dev:amd64	1:4.4.10-10ubuntu4
libcrypt1:amd64	1:4.4.10-10ubuntu4
libcryptsetup12:amd64	2:2.2.2-3ubuntu2.5
libctf-nobfd0:amd64	2.34-6ubuntu1.11
libctf0:amd64	2.34-6ubuntu1.11
libcups2:amd64	2.3.1-9ubuntu1.9
libcurl3-gnutls:amd64	7.68.0-1ubuntu2.25
libcurl4:amd64	7.68.0-1ubuntu2.25
libcxsparse3:amd64	1:5.7.1+dfsg-2
libdata-dump-perl	1.23-1
libdatrie-dev:amd64	0.2.12-3
libdatrie1:amd64	0.2.12-3
libdb5.3:amd64	5.3.28+dfsg1-0.6ubuntu2
libdbus-1-3:amd64	1.12.16-2ubuntu2.3
libdbus-1-dev:amd64	1.12.16-2ubuntu2.3
libdconf1:amd64	0.36.0-1
libdebconfclient0:amd64	0.251ubuntu1
libdebhelper-perl	12.10ubuntu1
libdevel-callchecker-perl	0.008-1ubuntu1
libdevmapper1.02.1:amd64	2:1.02.167-1ubuntu1
libdpkg-perl	1.19.7ubuntu3.2
libdrm-amdgpu1:amd64	2.4.107-8ubuntu1~20.04.2
libdrm-common	2.4.107-8ubuntu1~20.04.2
libdrm-intel1:amd64	2.4.107-8ubuntu1~20.04.2
libdrm-nouveau2:amd64	2.4.107-8ubuntu1~20.04.2
libdrm-radeon1:amd64	2.4.107-8ubuntu1~20.04.2
libdrm2:amd64	2.4.107-8ubuntu1~20.04.2
libdw1:amd64	0.176-1.1ubuntu0.1
libdynaloader-functions-perl	0.003-1
libedit2:amd64	3.1-20191231-1
libegl-dev:amd64	1.3.2-1~ubuntu0.20.04.2
libegl-mesa0:amd64	21.2.6-0ubuntu0.1~20.04.2
libegl1-mesa-dev:amd64	21.2.6-0ubuntu0.1~20.04.2
libegl1:amd64	1.3.2-1~ubuntu0.20.04.2
libeigen3-dev	3.3.7-2
libelf1:amd64	0.176-1.1ubuntu0.1
libencode-locale-perl	1.05-1
libepoxy-dev:amd64	1.5.4-1
libepoxy0:amd64	1.5.4-1
liberror-perl	0.17029-1
libexpat1-dev:amd64	2.2.9-1ubuntu0.8
libexpat1:amd64	2.2.9-1ubuntu0.8
libext2fs2:amd64	1.45.5-2ubuntu1.2
libfakeroot:amd64	1.24-1
libfdisk1:amd64	2.34-0.1ubuntu9.6
libffi-dev:amd64	3.3-4
libffi7:amd64	3.3-4
libfido2-1:amd64	1.3.1-1ubuntu2
libfile-fcntllock-perl	0.22-3build4
libfile-listing-perl	6.04-1
libfile-stripnondeterminism-perl	1.7.0-1
libfl-dev:amd64	2.6.4-6.2
libfl2:amd64	2.6.4-6.2
libfont-afm-perl	1.20-2
libfontconfig1-dev:amd64	2.13.1-2ubuntu3
libfontconfig1:amd64	2.13.1-2ubuntu3
libfreetype-dev:amd64	2.10.1-2ubuntu0.4
libfreetype6-dev:amd64	2.10.1-2ubuntu0.4
libfreetype6:amd64	2.10.1-2ubuntu0.4
libfribidi-dev:amd64	1.0.8-2ubuntu0.1
libfribidi0:amd64	1.0.8-2ubuntu0.1
libgbm1:amd64	21.2.6-0ubuntu0.1~20.04.2
libgc1c2:amd64	1:7.6.4-0.4ubuntu1
libgcc-9-dev:amd64	9.4.0-1ubuntu1~20.04.2
libgcc-s1:amd64	10.5.0-1ubuntu1~20.04
libgcrypt20:amd64	1.8.5-5ubuntu1.1
libgdbm-compat4:amd64	1.18.1-5
libgdbm6:amd64	1.18.1-5
libgdk-pixbuf2.0-0:amd64	2.40.0+dfsg-3ubuntu0.5
libgdk-pixbuf2.0-bin	2.40.0+dfsg-3ubuntu0.5
libgdk-pixbuf2.0-common	2.40.0+dfsg-3ubuntu0.5
libgdk-pixbuf2.0-dev:amd64	2.40.0+dfsg-3ubuntu0.5
libgfortran5:amd64	10.5.0-1ubuntu1~20.04
libgirepository-1.0-1:amd64	1.64.1-1~ubuntu20.04.1
libgl-dev:amd64	1.3.2-1~ubuntu0.20.04.2
libgl1-mesa-dev:amd64	21.2.6-0ubuntu0.1~20.04.2
libgl1-mesa-dri:amd64	21.2.6-0ubuntu0.1~20.04.2
libgl1:amd64	1.3.2-1~ubuntu0.20.04.2
libglapi-mesa:amd64	21.2.6-0ubuntu0.1~20.04.2
libgles-dev:amd64	1.3.2-1~ubuntu0.20.04.2
libgles1:amd64	1.3.2-1~ubuntu0.20.04.2
libgles2:amd64	1.3.2-1~ubuntu0.20.04.2
libglib2.0-0:amd64	2.64.6-1~ubuntu20.04.9
libglib2.0-bin	2.64.6-1~ubuntu20.04.9
libglib2.0-data	2.64.6-1~ubuntu20.04.9
libglib2.0-dev-bin	2.64.6-1~ubuntu20.04.9
libglib2.0-dev:amd64	2.64.6-1~ubuntu20.04.9
libglpk-dev:amd64	4.65-2
libglpk40:amd64	4.65-2
libglvnd-dev:amd64	1.3.2-1~ubuntu0.20.04.2
libglvnd0:amd64	1.3.2-1~ubuntu0.20.04.2
libglx-dev:amd64	1.3.2-1~ubuntu0.20.04.2
libglx-mesa0:amd64	21.2.6-0ubuntu0.1~20.04.2
libglx0:amd64	1.3.2-1~ubuntu0.20.04.2
libgmp-dev:amd64	2:6.2.0+dfsg-4ubuntu0.1
libgmp10:amd64	2:6.2.0+dfsg-4ubuntu0.1
libgmp3-dev:amd64	2:6.2.0+dfsg-4ubuntu0.1
libgmpxx4ldbl:amd64	2:6.2.0+dfsg-4ubuntu0.1
libgnutls30:amd64	3.6.13-2ubuntu1.12
libgomp1:amd64	10.5.0-1ubuntu1~20.04
libgpg-error0:amd64	1.37-1
libgpm2:amd64	1.20.7-5
libgraphblas3:amd64	1:5.7.1+dfsg-2
libgraphite2-3:amd64	1.3.13-11build1
libgraphite2-dev:amd64	1.3.13-11build1
libgsasl7:amd64	1.8.1-1
libgssapi-krb5-2:amd64	1.17-6ubuntu4.11
libgssapi3-heimdal:amd64	7.7.0+dfsg-1ubuntu1.4
libgtk-3-0:amd64	3.24.20-0ubuntu1.2
libgtk-3-bin	3.24.20-0ubuntu1.2
libgtk-3-common	3.24.20-0ubuntu1.2
libgtk-3-dev:amd64	3.24.20-0ubuntu1.2
libharfbuzz-dev:amd64	2.6.4-1ubuntu4.3
libharfbuzz-gobject0:amd64	2.6.4-1ubuntu4.3
libharfbuzz-icu0:amd64	2.6.4-1ubuntu4.3
libharfbuzz0b:amd64	2.6.4-1ubuntu4.3
libhcrypto4-heimdal:amd64	7.7.0+dfsg-1ubuntu1.4
libheimbase1-heimdal:amd64	7.7.0+dfsg-1ubuntu1.4
libheimntlm0-heimdal:amd64	7.7.0+dfsg-1ubuntu1.4
libhogweed5:amd64	3.5.1+really3.5.1-2ubuntu0.2
libhtml-form-perl	6.07-1
libhtml-format-perl	2.12-1
libhtml-parser-perl	3.72-5
libhtml-tagset-perl	3.20-4
libhtml-tree-perl	5.07-2
libhttp-cookies-perl	6.08-1
libhttp-daemon-perl	6.06-1ubuntu0.1
libhttp-date-perl	6.05-1
libhttp-message-perl	6.22-1
libhttp-negotiate-perl	6.01-1
libhx509-5-heimdal:amd64	7.7.0+dfsg-1ubuntu1.4
libice-dev:amd64	2:1.0.10-0ubuntu1
libice6:amd64	2:1.0.10-0ubuntu1
libicu-dev:amd64	66.1-2ubuntu2.1
libicu66:amd64	66.1-2ubuntu2.1
libidn11:amd64	1.33-2.2ubuntu2
libidn2-0:amd64	2.2.0-2
libimport-into-perl	1.002005-1
libio-html-perl	1.001-1
libio-socket-ssl-perl	2.067-1
libip4tc2:amd64	1.8.4-3ubuntu2.1
libisl22:amd64	0.22.1-1
libitm1:amd64	10.5.0-1ubuntu1~20.04
libjansson4:amd64	2.12-1build1
libjbig0:amd64	2.1-3.1ubuntu0.20.04.1
libjpeg-turbo8:amd64	2.0.3-0ubuntu1.20.04.3
libjpeg8:amd64	8c-2ubuntu8
libjson-c4:amd64	0.13.1+dfsg-7ubuntu0.3
libjson-glib-1.0-0:amd64	1.4.4-2ubuntu2
libjson-glib-1.0-common	1.4.4-2ubuntu2
libk5crypto3:amd64	1.17-6ubuntu4.11
libkeyutils1:amd64	1.6-6ubuntu1.1
libklu1:amd64	1:5.7.1+dfsg-2
libkmod2:amd64	27-1ubuntu2.1
libkrb5-26-heimdal:amd64	7.7.0+dfsg-1ubuntu1.4
libkrb5-3:amd64	1.17-6ubuntu4.11
libkrb5support0:amd64	1.17-6ubuntu4.11
libksba8:amd64	1.3.5-2ubuntu0.20.04.2
libkyotocabinet16v5:amd64	1.2.76-4.2build1
liblapack-dev:amd64	3.9.0-1build1
liblapack3:amd64	3.9.0-1build1
liblcms2-2:amd64	2.9-4
libldap-2.4-2:amd64	2.4.49+dfsg-2ubuntu1.10
libldap-common	2.4.49+dfsg-2ubuntu1.10
libldl2:amd64	1:5.7.1+dfsg-2
libllvm10:amd64	1:10.0.0-4ubuntu1
libllvm12:amd64	1:12.0.0-3ubuntu1~20.04.5
liblocale-gettext-perl	1.07-4
liblsan0:amd64	10.5.0-1ubuntu1~20.04
libltdl-dev:amd64	2.4.6-14
libltdl7:amd64	2.4.6-14
liblua5.2-0:amd64	5.2.4-1.1build3
liblwp-mediatypes-perl	6.04-1
liblwp-protocol-https-perl	6.07-2ubuntu2
liblz4-1:amd64	1.9.2-2ubuntu0.20.04.1
liblzma5:amd64	5.2.4-1ubuntu1.1
liblzo2-2:amd64	2.10-2
libmagic-mgc	1:5.38-4
libmagic1:amd64	1:5.38-4
libmail-sendmail-perl	0.80-1
libmailtools-perl	2.21-1
libmailutils6:amd64	1:3.7-2.1
libmetis5:amd64	5.1.0.dfsg-5
libmodule-runtime-perl	0.016-1
libmongoose2:amd64	1:5.7.1+dfsg-2
libmoo-perl	2.003006-1
libmount-dev:amd64	2.34-0.1ubuntu9.6
libmount1:amd64	2.34-0.1ubuntu9.6
libmpc3:amd64	1.1.0-1
libmpdec2:amd64	2.4.2-3
libmpfr6:amd64	4.0.2-1
libmysqlclient21:amd64	8.0.42-0ubuntu0.20.04.1
libncurses-dev:amd64	6.2-0ubuntu2.1
libncurses5:amd64	6.2-0ubuntu2.1
libncurses6:amd64	6.2-0ubuntu2.1
libncursesw6:amd64	6.2-0ubuntu2.1
libnet-http-perl	6.19-1
libnet-smtp-ssl-perl	1.04-1
libnet-ssleay-perl	1.88-2ubuntu1
libnettle7:amd64	3.5.1+really3.5.1-2ubuntu0.2
libnghttp2-14:amd64	1.40.0-1ubuntu0.3
libnpth0:amd64	1.6-1
libnspr4:amd64	2:4.35-0ubuntu0.20.04.1
libnss-systemd:amd64	245.4-4ubuntu3.24
libnss3:amd64	2:3.98-0ubuntu0.20.04.2
libntlm0:amd64	1.5-2ubuntu0.1
libobjc-9-dev:amd64	9.4.0-1ubuntu1~20.04.2
libobjc4:amd64	10.5.0-1ubuntu1~20.04
libogg0:amd64	1.3.4-0ubuntu1
libopengl-dev:amd64	1.3.2-1~ubuntu0.20.04.2
libopengl0:amd64	1.3.2-1~ubuntu0.20.04.2
libp11-kit0:amd64	0.23.20-1ubuntu0.1
libpam-modules-bin	1.3.1-5ubuntu4.7
libpam-modules:amd64	1.3.1-5ubuntu4.7
libpam-runtime	1.3.1-5ubuntu4.7
libpam-systemd:amd64	245.4-4ubuntu3.24
libpam0g:amd64	1.3.1-5ubuntu4.7
libpango-1.0-0:amd64	1.44.7-2ubuntu4
libpango1.0-dev:amd64	1.44.7-2ubuntu4
libpangocairo-1.0-0:amd64	1.44.7-2ubuntu4
libpangoft2-1.0-0:amd64	1.44.7-2ubuntu4
libpangoxft-1.0-0:amd64	1.44.7-2ubuntu4
libparallel-forkmanager-perl	2.02-1
libparams-classify-perl	0.015-1build2
libpciaccess0:amd64	0.16-0ubuntu1
libpcre16-3:amd64	2:8.39-12ubuntu0.1
libpcre2-16-0:amd64	10.34-7ubuntu0.1
libpcre2-32-0:amd64	10.34-7ubuntu0.1
libpcre2-8-0:amd64	10.34-7ubuntu0.1
libpcre2-dev:amd64	10.34-7ubuntu0.1
libpcre2-posix2:amd64	10.34-7ubuntu0.1
libpcre3-dev:amd64	2:8.39-12ubuntu0.1
libpcre32-3:amd64	2:8.39-12ubuntu0.1
libpcre3:amd64	2:8.39-12ubuntu0.1
libpcrecpp0v5:amd64	2:8.39-12ubuntu0.1
libperl5.30:amd64	5.30.0-9ubuntu0.5
libpfm4:amd64	4.10.1+git20-g7700f49-2
libpipeline1:amd64	1.5.2-2build1
libpixman-1-0:amd64	0.38.4-0ubuntu2.1
libpixman-1-dev:amd64	0.38.4-0ubuntu2.1
libpng-dev:amd64	1.6.37-2
libpng-tools	1.6.37-2
libpng16-16:amd64	1.6.37-2
libpopt0:amd64	1.16-14
libprocps8:amd64	2:3.3.16-1ubuntu2.4
libproxy1v5:amd64	0.4.15-10ubuntu1.2
libpsl5:amd64	0.21.0-1ubuntu1
libpthread-stubs0-dev:amd64	0.4-1
libpython3-stdlib:amd64	3.8.2-0ubuntu2
libpython3.8-minimal:amd64	3.8.10-0ubuntu1~20.04.18
libpython3.8-stdlib:amd64	3.8.10-0ubuntu1~20.04.18
libpython3.8:amd64	3.8.10-0ubuntu1~20.04.18
libquadmath0:amd64	10.5.0-1ubuntu1~20.04
librbio2:amd64	1:5.7.1+dfsg-2
libreadline8:amd64	8.0-4
libregexp-common-perl	2017060201-1
librest-0.7-0:amd64	0.8.1-1
libroken18-heimdal:amd64	7.7.0+dfsg-1ubuntu1.4
librole-tiny-perl	2.001004-1
librpm8	4.14.2.1+dfsg1-1build2
librpmbuild8	4.14.2.1+dfsg1-1build2
librpmio8	4.14.2.1+dfsg1-1build2
librpmsign8	4.14.2.1+dfsg1-1build2
librsvg2-2:amd64	2.48.9-1ubuntu0.20.04.4
librsvg2-common:amd64	2.48.9-1ubuntu0.20.04.4
librtmp1:amd64	2.4+20151223.gitfa8646d.1-2build1
libsasl2-2:amd64	2.1.27+dfsg-2ubuntu0.1
libsasl2-modules-db:amd64	2.1.27+dfsg-2ubuntu0.1
libsasl2-modules:amd64	2.1.27+dfsg-2ubuntu0.1
libseccomp2:amd64	2.5.1-1ubuntu1~20.04.2
libselinux1-dev:amd64	3.0-1build2
libselinux1:amd64	3.0-1build2
libsemanage-common	3.0-1build2
libsemanage1:amd64	3.0-1build2
libsensors-config	1:3.6.0-2ubuntu1.1
libsensors5:amd64	1:3.6.0-2ubuntu1.1
libsepol1-dev:amd64	3.0-1ubuntu0.1
libsepol1:amd64	3.0-1ubuntu0.1
libsigsegv2:amd64	2.12-2
libsm-dev:amd64	2:1.2.3-1
libsm6:amd64	2:1.2.3-1
libsmartcols1:amd64	2.34-0.1ubuntu9.6
libsoup-gnome2.4-1:amd64	2.70.0-1ubuntu0.5
libsoup2.4-1:amd64	2.70.0-1ubuntu0.5
libspqr2:amd64	1:5.7.1+dfsg-2
libsqlite3-0:amd64	3.31.1-4ubuntu0.7
libss2:amd64	1.45.5-2ubuntu1.2
libssh-4:amd64	0.9.3-2ubuntu2.5
libssl1.1:amd64	1.1.1f-1ubuntu2.24
libstdc++-9-dev:amd64	9.4.0-1ubuntu1~20.04.2
libstdc++6:amd64	10.5.0-1ubuntu1~20.04
libstrictures-perl	2.000006-1
libsub-name-perl	0.26-1
libsub-override-perl	0.09-2
libsub-quote-perl	2.006006-1
libsuitesparse-dev:amd64	1:5.7.1+dfsg-2
libsuitesparseconfig5:amd64	1:5.7.1+dfsg-2
libsys-hostname-long-perl	1.5-1
libsystemd0:amd64	245.4-4ubuntu3.24
libtasn1-6:amd64	4.16.0-2ubuntu0.1
libtdb1:amd64	1.4.5-0ubuntu0.20.04.1
libtext-unidecode-perl	1.30-1
libthai-data	0.1.28-3
libthai-dev:amd64	0.1.28-3
libthai0:amd64	0.1.28-3
libtiff5:amd64	4.1.0+git191117-2ubuntu0.20.04.14
libtimedate-perl	2.3200-1
libtinfo-dev:amd64	6.2-0ubuntu2.1
libtinfo5:amd64	6.2-0ubuntu2.1
libtinfo6:amd64	6.2-0ubuntu2.1
libtool	2.4.6-14
libtool-bin	2.4.6-14
libtry-tiny-perl	0.30-1
libtsan0:amd64	10.5.0-1ubuntu1~20.04
libubsan1:amd64	10.5.0-1ubuntu1~20.04
libuchardet0:amd64	0.0.6-3build1
libudev1:amd64	245.4-4ubuntu3.24
libumfpack5:amd64	1:5.7.1+dfsg-2
libunistring2:amd64	0.9.10-2
liburi-perl	1.76-2
libuuid1:amd64	2.34-0.1ubuntu9.6
libvorbis0a:amd64	1.3.6-2ubuntu1
libvorbisfile3:amd64	1.3.6-2ubuntu1
libvulkan1:amd64	1.2.131.2-1
libwayland-bin	1.18.0-1ubuntu0.1
libwayland-client0:amd64	1.18.0-1ubuntu0.1
libwayland-cursor0:amd64	1.18.0-1ubuntu0.1
libwayland-dev:amd64	1.18.0-1ubuntu0.1
libwayland-egl1:amd64	1.18.0-1ubuntu0.1
libwayland-server0:amd64	1.18.0-1ubuntu0.1
libwebp6:amd64	0.6.1-2ubuntu0.20.04.3
libwind0-heimdal:amd64	7.7.0+dfsg-1ubuntu1.4
libwrap0:amd64	7.6.q-30
libwww-perl	6.43-1
libwww-robotrules-perl	6.02-1
libx11-6:amd64	2:1.6.9-2ubuntu1.6
libx11-data	2:1.6.9-2ubuntu1.6
libx11-dev:amd64	2:1.6.9-2ubuntu1.6
libx11-xcb1:amd64	2:1.6.9-2ubuntu1.6
libxau-dev:amd64	1:1.0.9-0ubuntu1
libxau6:amd64	1:1.0.9-0ubuntu1
libxcb-dri2-0:amd64	1.14-2
libxcb-dri3-0:amd64	1.14-2
libxcb-glx0:amd64	1.14-2
libxcb-present0:amd64	1.14-2
libxcb-randr0:amd64	1.14-2
libxcb-render0-dev:amd64	1.14-2
libxcb-render0:amd64	1.14-2
libxcb-shm0-dev:amd64	1.14-2
libxcb-shm0:amd64	1.14-2
libxcb-sync1:amd64	1.14-2
libxcb-xfixes0:amd64	1.14-2
libxcb1-dev:amd64	1.14-2
libxcb1:amd64	1.14-2
libxcomposite-dev:amd64	1:0.4.5-1
libxcomposite1:amd64	1:0.4.5-1
libxcursor-dev:amd64	1:1.2.0-2
libxcursor1:amd64	1:1.2.0-2
libxdamage-dev:amd64	1:1.1.5-2
libxdamage1:amd64	1:1.1.5-2
libxdmcp-dev:amd64	1:1.1.3-0ubuntu1
libxdmcp6:amd64	1:1.1.3-0ubuntu1
libxext-dev:amd64	2:1.3.4-0ubuntu1
libxext6:amd64	2:1.3.4-0ubuntu1
libxfixes-dev:amd64	1:5.0.3-2
libxfixes3:amd64	1:5.0.3-2
libxft-dev:amd64	2.3.3-0ubuntu1
libxft2:amd64	2.3.3-0ubuntu1
libxi-dev:amd64	2:1.7.10-0ubuntu1
libxi6:amd64	2:1.7.10-0ubuntu1
libxinerama-dev:amd64	2:1.1.4-2
libxinerama1:amd64	2:1.1.4-2
libxkbcommon-dev:amd64	0.10.0-1
libxkbcommon0:amd64	0.10.0-1
libxml-libxml-perl	2.0134+dfsg-1build1
libxml-namespacesupport-perl	1.12-1
libxml-parser-perl	2.46-1
libxml-sax-base-perl	1.09-1
libxml-sax-expat-perl	0.51-1
libxml-sax-perl	1.02+dfsg-1
libxml2:amd64	2.9.10+dfsg-5ubuntu0.20.04.10
libxmuu1:amd64	2:1.1.3-0ubuntu1
libxrandr-dev:amd64	2:1.5.2-0ubuntu1
libxrandr2:amd64	2:1.5.2-0ubuntu1
libxrender-dev:amd64	1:0.9.10-1
libxrender1:amd64	1:0.9.10-1
libxshmfence1:amd64	1.3-1
libxtst-dev:amd64	2:1.2.3-1
libxtst6:amd64	2:1.2.3-1
libxxf86vm1:amd64	1:1.1.4-1build1
libyaml-0-2:amd64	0.2.2-1
libz3-4:amd64	4.8.7-4build1
libz3-dev:amd64	4.8.7-4build1
libzstd1:amd64	1.4.4+dfsg-3ubuntu0.1
linux-libc-dev:amd64	5.4.0-216.236
llvm-10	1:10.0.0-4ubuntu1
llvm-10-dev	1:10.0.0-4ubuntu1
llvm-10-runtime	1:10.0.0-4ubuntu1
llvm-10-tools	1:10.0.0-4ubuntu1
locales	2.31-0ubuntu9.18
login	1:4.8.1-1ubuntu5.20.04.5
logsave	1.45.5-2ubuntu1.2
lsb-base	11.1.0ubuntu2
lsb-core	11.1.0ubuntu2
lsb-invalid-mta	11.1.0ubuntu2
lsb-release	11.1.0ubuntu2
lsb-security	11.1.0ubuntu2
m4	1.4.18-4
mailutils	1:3.7-2.1
mailutils-common	1:3.7-2.1
make	4.2.1-1.2
man-db	2.9.1-1
manpages	5.05-1
manpages-dev	5.05-1
mawk	1.3.4.20200120-2
mesa-vulkan-drivers:amd64	21.2.6-0ubuntu0.1~20.04.2
mime-support	3.64ubuntu1
mount	2.34-0.1ubuntu9.6
mysql-common	5.8+1.0.5ubuntu2
ncurses-base	6.2-0ubuntu2.1
ncurses-bin	6.2-0ubuntu2.1
ncurses-term	6.2-0ubuntu2.1
netbase	6.1
networkd-dispatcher	2.1-2~ubuntu20.04.3
openssh-client	1:8.2p1-4ubuntu0.13
openssl	1.1.1f-1ubuntu2.24
pango1.0-tools	1.44.7-2ubuntu4
passwd	1:4.8.1-1ubuntu5.20.04.5
patch	2.7.6-6
pax	1:20190825-1
perl	5.30.0-9ubuntu0.5
perl-base	5.30.0-9ubuntu0.5
perl-modules-5.30	5.30.0-9ubuntu0.5
perl-openssl-defaults:amd64	4
pinentry-curses	1.1.0-3build1
pkg-config	0.29.1-0ubuntu4
po-debconf	1.0.21
procps	2:3.3.16-1ubuntu2.4
psmisc	23.3-1
publicsuffix	20200303.0012-1
python3	3.8.2-0ubuntu2
python3-dbus	1.2.16-1build1
python3-distutils	3.8.10-0ubuntu1~20.04
python3-gi	3.36.0-1
python3-lib2to3	3.8.10-0ubuntu1~20.04
python3-minimal	3.8.2-0ubuntu2
python3-pkg-resources	45.2.0-1ubuntu0.3
python3-pygments	2.3.1+dfsg-1ubuntu2.2
python3-yaml	5.3.1-1ubuntu0.1
python3.8	3.8.10-0ubuntu1~20.04.18
python3.8-minimal	3.8.10-0ubuntu1~20.04.18
readline-common	8.0-4
rpm	4.14.2.1+dfsg1-1build2
rpm-common	4.14.2.1+dfsg1-1build2
rpm2cpio	4.14.2.1+dfsg1-1build2
rsync	3.1.3-8ubuntu0.9
sed	4.7-1
sensible-utils	0.0.12+nmu1
shared-mime-info	1.15-1
sound-theme-freedesktop	0.8-2ubuntu1
ssl-cert	1.0.39
systemd	245.4-4ubuntu3.24
systemd-sysv	245.4-4ubuntu3.24
systemd-timesyncd	245.4-4ubuntu3.24
sysvinit-utils	2.96-2.1ubuntu1
tar	1.30+dfsg-7ubuntu0.20.04.4
tex-common	6.13
texinfo	6.7.0.dfsg.2-5
time	1.7-25.1build1
tzdata	2025b-0ubuntu0.20.04.1
ubuntu-keyring	2020.02.11.4
ubuntu-mono	19.04-0ubuntu3
ucf	3.0038+nmu1
unzip	6.0-25ubuntu1.2
util-linux	2.34-0.1ubuntu9.6
uuid-dev:amd64	2.34-0.1ubuntu9.6
vim	2:8.1.2269-1ubuntu5.32
vim-common	2:8.1.2269-1ubuntu5.32
vim-runtime	2:8.1.2269-1ubuntu5.32
wayland-protocols	1.20-1
wget	1.20.3-1ubuntu2.1
x11-common	1:7.7+19ubuntu14
x11proto-core-dev	2019.2-1ubuntu1
x11proto-dev	2019.2-1ubuntu1
x11proto-input-dev	2019.2-1ubuntu1
x11proto-randr-dev	2019.2-1ubuntu1
x11proto-record-dev	2019.2-1ubuntu1
x11proto-xext-dev	2019.2-1ubuntu1
x11proto-xinerama-dev	2019.2-1ubuntu1
xauth	1:1.1-0ubuntu1
xdg-user-dirs	0.17-2ubuntu1
xkb-data	2.29-2
xorg-sgml-doctools	1:1.11-1
xtrans-dev	1.4.0-1
xxd	2:8.1.2269-1ubuntu5.32
xz-utils	5.2.4-1ubuntu1.1
zlib1g-dev:amd64	1:1.2.11.dfsg-2ubuntu1.5
zlib1g:amd64	1:1.2.11.dfsg-2ubuntu1.5
