base-bigarray	base
base-threads	base
base-unix	base
conf-findutils	1
conf-gmp	5
conf-pkg-config	4
coq	8.13.2
dune	3.22.2
glpk	0.1.8
menhir	20260209
menhirCST	20260209
menhirGLR	20260209
menhirLib	20260209
menhirSdk	20260209
num	1.6
ocaml	4.13.1
ocaml-base-compiler	4.13.1
ocaml-config	2
ocaml-options-vanilla	1
ocamlfind	1.9.8
stdlib-shims	0.3.0
zarith	1.14
